{
  "nodes": {
    "nixpkgs": {
      "locked": {
        "lastModified": 1744675200,
        "narHash": "sha256-NOyMW0Ge7n5kiku6TmoI4NfdNW1W04ECXXBuCuLpFUQ=",
        "owner": "NixOS",
        "repo": "nixpkgs",
        "rev": "d6133526472eb11a863eb6e679b104086ef291bf",
        "type": "github"
      },
      "original": {
        "owner": "NixOS",
        "repo": "nixpkgs",
        "rev": "d6133526472eb11a863eb6e679b104086ef291bf",
        "type": "github"
      }
    },
    "root": {
      "inputs": {
        "nixpkgs": "nixpkgs"
      }
    }
  },
  "root": "root",
  "version": 7
}
