{
  "nodes": {
    "fortio": {
      "flake": false,
      "locked": {
        "lastModified": 1785449238,
        "narHash": "sha256-rQb2ZhszXbXWglTDlzd3YzHHS93YpETq/cX/snssk7g=",
        "owner": "lazy-fortran",
        "repo": "fortio",
        "rev": "b6a0c57e7a7577612637ed1619c3bc50d26c2556",
        "type": "github"
      },
      "original": {
        "owner": "lazy-fortran",
        "repo": "fortio",
        "rev": "b6a0c57e7a7577612637ed1619c3bc50d26c2556",
        "type": "github"
      }
    },
    "libneo": {
      "flake": false,
      "locked": {
        "lastModified": 1785449743,
        "narHash": "sha256-MTt9MkthN5WMbVlyrF2GTZyXLTykgJu2c5K3km/tkJc=",
        "owner": "itpplasma",
        "repo": "libneo",
        "rev": "afa0e4243e5e3f3e41110960f19cd0f340834988",
        "type": "github"
      },
      "original": {
        "owner": "itpplasma",
        "repo": "libneo",
        "rev": "afa0e4243e5e3f3e41110960f19cd0f340834988",
        "type": "github"
      }
    },
    "nixpkgs": {
      "locked": {
        "lastModified": 1688392541,
        "narHash": "sha256-lHrKvEkCPTUO+7tPfjIcb7Trk6k31rz18vkyqmkeJfY=",
        "owner": "NixOS",
        "repo": "nixpkgs",
        "rev": "ea4c80b39be4c09702b0cb3b42eab59e2ba4f24b",
        "type": "github"
      },
      "original": {
        "owner": "NixOS",
        "ref": "nixos-22.11",
        "repo": "nixpkgs",
        "type": "github"
      }
    },
    "root": {
      "inputs": {
        "fortio": "fortio",
        "libneo": "libneo",
        "nixpkgs": "nixpkgs"
      }
    }
  },
  "root": "root",
  "version": 7
}
